
Microsoft Visual Studio Solution File, Format Version 12.00
# Visual Studio Version 17
VisualStudioVersion = 17.3.32505.426
MinimumVisualStudioVersion = 10.0.40219.1
Project("{2150E333-8FDC-42A3-9474-1A3956D46DE8}") = "Solution Items", "Solution Items", "{BACAE3B9-218C-4057-9697-42C49B2F6813}"
	ProjectSection(SolutionItems) = preProject
		README.md = README.md
	EndProjectSection
EndProject
Project("{FAE04EC0-301F-11D3-BF4B-00C04F79EFBC}") = "SqLiteExecutionsToListAndQueryResults", "ported from SqLiteExecutionsToListAndQueryResults\SqLiteExecutionsToListAndQueryResults.csproj", "{373C676B-3016-4B5C-A7E0-0AAC2AE58A9B}"
EndProject
Project("{FAE04EC0-301F-11D3-BF4B-00C04F79EFBC}") = "getInstListSqLite", "getInstListSqLite\getInstListSqLite.csproj", "{B5BDEE67-BC05-4562-A630-BCE9B78ECF3C}"
EndProject
Global
	GlobalSection(SolutionConfigurationPlatforms) = preSolution
		Debug|Any CPU = Debug|Any CPU
		Release|Any CPU = Release|Any CPU
	EndGlobalSection
	GlobalSection(ProjectConfigurationPlatforms) = postSolution
		{373C676B-3016-4B5C-A7E0-0AAC2AE58A9B}.Debug|Any CPU.ActiveCfg = Debug|Any CPU
		{373C676B-3016-4B5C-A7E0-0AAC2AE58A9B}.Debug|Any CPU.Build.0 = Debug|Any CPU
		{373C676B-3016-4B5C-A7E0-0AAC2AE58A9B}.Release|Any CPU.ActiveCfg = Release|Any CPU
		{373C676B-3016-4B5C-A7E0-0AAC2AE58A9B}.Release|Any CPU.Build.0 = Release|Any CPU
		{B5BDEE67-BC05-4562-A630-BCE9B78ECF3C}.Debug|Any CPU.ActiveCfg = Debug|Any CPU
		{B5BDEE67-BC05-4562-A630-BCE9B78ECF3C}.Debug|Any CPU.Build.0 = Debug|Any CPU
		{B5BDEE67-BC05-4562-A630-BCE9B78ECF3C}.Release|Any CPU.ActiveCfg = Release|Any CPU
		{B5BDEE67-BC05-4562-A630-BCE9B78ECF3C}.Release|Any CPU.Build.0 = Release|Any CPU
	EndGlobalSection
	GlobalSection(SolutionProperties) = preSolution
		HideSolutionNode = FALSE
	EndGlobalSection
	GlobalSection(ExtensibilityGlobals) = postSolution
		SolutionGuid = {AD788DB2-2B0D-452B-882D-6E58393E23D0}
	EndGlobalSection
EndGlobal
